
Microsoft Visual Studio Solution File, Format Version 12.00
# Visual Studio Version 16
VisualStudioVersion = 16.0.29613.14
MinimumVisualStudioVersion = 10.0.40219.1
Project("{9A19103F-16F7-4668-BE54-9A1E7A4F7556}") = "NLayer.Api", "Src\NLayer.Api\NLayer.Api.csproj", "{3249D292-7BC0-4020-BE4E-7DD1FDFF35AF}"
EndProject
Project("{9A19103F-16F7-4668-BE54-9A1E7A4F7556}") = "NLayer.DAL", "Src\NLayer.DAL\NLayer.DAL.csproj", "{8DB5EA5A-C409-46AD-9D59-55FC750ACC51}"
EndProject
Project("{9A19103F-16F7-4668-BE54-9A1E7A4F7556}") = "NLayer.Root", "Src\NLayer.Root\NLayer.Root.csproj", "{2E440159-401B-4291-9B3F-AE8EEE740B01}"
EndProject
Project("{9A19103F-16F7-4668-BE54-9A1E7A4F7556}") = "NLayer.Core", "Src\NLayer.Core\NLayer.Core.csproj", "{39FCE279-E3E2-4390-967F-9229528ECD5A}"
EndProject
Project("{9A19103F-16F7-4668-BE54-9A1E7A4F7556}") = "NLayer.BLL", "Src\NLayer.BLL\NLayer.BLL.csproj", "{51CFAEA3-8749-4E42-88B2-ED79F99ACAB2}"
EndProject
Project("{2150E333-8FDC-42A3-9474-1A3956D46DE8}") = "Docs", "Docs", "{0C31EEE9-8D74-431E-A0DF-6EE42BA66CBF}"
EndProject
Project("{2150E333-8FDC-42A3-9474-1A3956D46DE8}") = "Tests", "Tests", "{3C08CA6A-360C-4493-9A24-3C2029B53BA3}"
EndProject
Project("{2150E333-8FDC-42A3-9474-1A3956D46DE8}") = "Src", "Src", "{7B12B97B-5F0E-4179-87FC-AFEAD3CEF723}"
EndProject
Global
	GlobalSection(SolutionConfigurationPlatforms) = preSolution
		Debug|Any CPU = Debug|Any CPU
		Release|Any CPU = Release|Any CPU
	EndGlobalSection
	GlobalSection(ProjectConfigurationPlatforms) = postSolution
		{3249D292-7BC0-4020-BE4E-7DD1FDFF35AF}.Debug|Any CPU.ActiveCfg = Debug|Any CPU
		{3249D292-7BC0-4020-BE4E-7DD1FDFF35AF}.Debug|Any CPU.Build.0 = Debug|Any CPU
		{3249D292-7BC0-4020-BE4E-7DD1FDFF35AF}.Release|Any CPU.ActiveCfg = Release|Any CPU
		{3249D292-7BC0-4020-BE4E-7DD1FDFF35AF}.Release|Any CPU.Build.0 = Release|Any CPU
		{8DB5EA5A-C409-46AD-9D59-55FC750ACC51}.Debug|Any CPU.ActiveCfg = Debug|Any CPU
		{8DB5EA5A-C409-46AD-9D59-55FC750ACC51}.Debug|Any CPU.Build.0 = Debug|Any CPU
		{8DB5EA5A-C409-46AD-9D59-55FC750ACC51}.Release|Any CPU.ActiveCfg = Release|Any CPU
		{8DB5EA5A-C409-46AD-9D59-55FC750ACC51}.Release|Any CPU.Build.0 = Release|Any CPU
		{2E440159-401B-4291-9B3F-AE8EEE740B01}.Debug|Any CPU.ActiveCfg = Debug|Any CPU
		{2E440159-401B-4291-9B3F-AE8EEE740B01}.Debug|Any CPU.Build.0 = Debug|Any CPU
		{2E440159-401B-4291-9B3F-AE8EEE740B01}.Release|Any CPU.ActiveCfg = Release|Any CPU
		{2E440159-401B-4291-9B3F-AE8EEE740B01}.Release|Any CPU.Build.0 = Release|Any CPU
		{39FCE279-E3E2-4390-967F-9229528ECD5A}.Debug|Any CPU.ActiveCfg = Debug|Any CPU
		{39FCE279-E3E2-4390-967F-9229528ECD5A}.Debug|Any CPU.Build.0 = Debug|Any CPU
		{39FCE279-E3E2-4390-967F-9229528ECD5A}.Release|Any CPU.ActiveCfg = Release|Any CPU
		{39FCE279-E3E2-4390-967F-9229528ECD5A}.Release|Any CPU.Build.0 = Release|Any CPU
		{51CFAEA3-8749-4E42-88B2-ED79F99ACAB2}.Debug|Any CPU.ActiveCfg = Debug|Any CPU
		{51CFAEA3-8749-4E42-88B2-ED79F99ACAB2}.Debug|Any CPU.Build.0 = Debug|Any CPU
		{51CFAEA3-8749-4E42-88B2-ED79F99ACAB2}.Release|Any CPU.ActiveCfg = Release|Any CPU
		{51CFAEA3-8749-4E42-88B2-ED79F99ACAB2}.Release|Any CPU.Build.0 = Release|Any CPU
	EndGlobalSection
	GlobalSection(SolutionProperties) = preSolution
		HideSolutionNode = FALSE
	EndGlobalSection
	GlobalSection(NestedProjects) = preSolution
		{3249D292-7BC0-4020-BE4E-7DD1FDFF35AF} = {7B12B97B-5F0E-4179-87FC-AFEAD3CEF723}
		{8DB5EA5A-C409-46AD-9D59-55FC750ACC51} = {7B12B97B-5F0E-4179-87FC-AFEAD3CEF723}
		{2E440159-401B-4291-9B3F-AE8EEE740B01} = {7B12B97B-5F0E-4179-87FC-AFEAD3CEF723}
		{39FCE279-E3E2-4390-967F-9229528ECD5A} = {7B12B97B-5F0E-4179-87FC-AFEAD3CEF723}
		{51CFAEA3-8749-4E42-88B2-ED79F99ACAB2} = {7B12B97B-5F0E-4179-87FC-AFEAD3CEF723}
	EndGlobalSection
	GlobalSection(ExtensibilityGlobals) = postSolution
		SolutionGuid = {616D3811-A255-46FB-AB22-0F332387EFF5}
	EndGlobalSection
EndGlobal
